{
  "name": "astro-mdoc",
  "version": "0.0.1",
  "lockfileVersion": 3,
  "requires": true,
  "packages": {
    "": {
      "name": "astro-mdoc",
      "version": "0.0.1",
      "dependencies": {
        "@markdoc/markdoc": "^0.3.2",
        "nanoid": "^5.0.1"
      },
      "devDependencies": {
        "@types/node": "^20.8.4",
        "astro": "^3.2.4"
      },
      "peerDependencies": {
        "astro": "^3.2.0"
      }
    },
    "../../node_modules/.pnpm/@markdoc+markdoc@0.3.2/node_modules/@markdoc/markdoc": {
      "version": "0.3.2",
      "license": "MIT",
      "devDependencies": {
        "@types/jasmine": "^3.10.2",
        "@types/node": "^16.11.58",
        "@typescript-eslint/eslint-plugin": "^5.12.0",
        "@typescript-eslint/parser": "^5.12.0",
        "deep-assert": "0.3.0",
        "diff": "^4.0.2",
        "esbuild": "0.13.3",
        "eslint": "^8.9.0",
        "jasmine": "3.5.0",
        "jest-diff": "^28.1.3",
        "markdown-it": "12.3.2",
        "patch-package": "^6.4.7",
        "pegjs": "0.11.0-master.b7b87ea",
        "prettier": "^2.5.1",
        "ts-eager": "2.0.2",
        "typedoc": "^0.22.13",
        "typescript": "^4.5.4",
        "yaml-js": "^0.2.3"
      },
      "engines": {
        "node": ">=14.7.0"
      },
      "optionalDependencies": {
        "@types/markdown-it": "12.2.3"
      },
      "peerDependencies": {
        "@types/react": "*",
        "react": "*"
      },
      "peerDependenciesMeta": {
        "@types/react": {
          "optional": true
        },
        "react": {
          "optional": true
        }
      }
    },
    "../../node_modules/.pnpm/astro@3.2.4/node_modules/astro": {
      "version": "3.2.4",
      "dev": true,
      "license": "MIT",
      "dependencies": {
        "@astrojs/compiler": "^2.1.0",
        "@astrojs/internal-helpers": "0.2.1",
        "@astrojs/markdown-remark": "3.2.1",
        "@astrojs/telemetry": "3.0.3",
        "@babel/core": "^7.22.10",
        "@babel/generator": "^7.22.10",
        "@babel/parser": "^7.22.10",
        "@babel/plugin-transform-react-jsx": "^7.22.5",
        "@babel/traverse": "^7.22.10",
        "@babel/types": "^7.22.10",
        "@types/babel__core": "^7.20.1",
        "acorn": "^8.10.0",
        "boxen": "^7.1.1",
        "chokidar": "^3.5.3",
        "ci-info": "^3.8.0",
        "clsx": "^2.0.0",
        "common-ancestor-path": "^1.0.1",
        "cookie": "^0.5.0",
        "debug": "^4.3.4",
        "devalue": "^4.3.2",
        "diff": "^5.1.0",
        "es-module-lexer": "^1.3.0",
        "esbuild": "^0.19.2",
        "estree-walker": "^3.0.3",
        "execa": "^8.0.1",
        "fast-glob": "^3.3.1",
        "github-slugger": "^2.0.0",
        "gray-matter": "^4.0.3",
        "html-escaper": "^3.0.3",
        "http-cache-semantics": "^4.1.1",
        "js-yaml": "^4.1.0",
        "kleur": "^4.1.4",
        "magic-string": "^0.30.3",
        "mime": "^3.0.0",
        "ora": "^7.0.1",
        "p-limit": "^4.0.0",
        "path-to-regexp": "^6.2.1",
        "preferred-pm": "^3.1.2",
        "probe-image-size": "^7.2.3",
        "prompts": "^2.4.2",
        "rehype": "^12.0.1",
        "resolve": "^1.22.4",
        "semver": "^7.5.4",
        "server-destroy": "^1.0.1",
        "shiki": "^0.14.3",
        "string-width": "^6.1.0",
        "strip-ansi": "^7.1.0",
        "tsconfig-resolver": "^3.0.1",
        "unist-util-visit": "^4.1.2",
        "vfile": "^5.3.7",
        "vite": "^4.4.9",
        "vitefu": "^0.2.4",
        "which-pm": "^2.1.1",
        "yargs-parser": "^21.1.1",
        "zod": "3.21.1"
      },
      "bin": {
        "astro": "astro.js"
      },
      "devDependencies": {
        "@astrojs/check": "^0.1.0",
        "@playwright/test": "^1.37.1",
        "@types/babel__generator": "^7.6.4",
        "@types/babel__traverse": "^7.20.1",
        "@types/chai": "^4.3.5",
        "@types/common-ancestor-path": "^1.0.0",
        "@types/connect": "^3.4.35",
        "@types/cookie": "^0.5.1",
        "@types/debug": "^4.1.8",
        "@types/diff": "^5.0.3",
        "@types/dom-view-transitions": "^1.0.1",
        "@types/estree": "^1.0.1",
        "@types/hast": "^2.3.5",
        "@types/html-escaper": "^3.0.0",
        "@types/http-cache-semantics": "^4.0.1",
        "@types/js-yaml": "^4.0.5",
        "@types/mime": "^3.0.1",
        "@types/mocha": "^10.0.1",
        "@types/probe-image-size": "^7.2.0",
        "@types/prompts": "^2.4.4",
        "@types/resolve": "^1.20.2",
        "@types/send": "^0.17.1",
        "@types/server-destroy": "^1.0.1",
        "@types/unist": "^2.0.7",
        "@types/yargs-parser": "^21.0.0",
        "astro-scripts": "0.0.14",
        "chai": "^4.3.7",
        "cheerio": "1.0.0-rc.12",
        "eol": "^0.9.1",
        "memfs": "^4.2.1",
        "mocha": "^10.2.0",
        "network-information-types": "^0.1.1",
        "node-mocks-http": "^1.13.0",
        "rehype-autolink-headings": "^6.1.1",
        "rehype-slug": "^5.0.1",
        "rehype-toc": "^3.0.2",
        "remark-code-titles": "^0.1.2",
        "rollup": "^3.28.1",
        "sass": "^1.66.1",
        "srcset-parse": "^1.1.0",
        "unified": "^10.1.2"
      },
      "engines": {
        "node": ">=18.14.1",
        "npm": ">=6.14.0"
      },
      "optionalDependencies": {
        "sharp": "^0.32.5"
      }
    },
    "../../node_modules/.pnpm/nanoid@5.0.1/node_modules/nanoid": {
      "version": "5.0.1",
      "funding": [
        {
          "type": "github",
          "url": "https://github.com/sponsors/ai"
        }
      ],
      "license": "MIT",
      "bin": {
        "nanoid": "bin/nanoid.js"
      },
      "engines": {
        "node": "^18 || >=20"
      }
    },
    "node_modules/@markdoc/markdoc": {
      "resolved": "../../node_modules/.pnpm/@markdoc+markdoc@0.3.2/node_modules/@markdoc/markdoc",
      "link": true
    },
    "node_modules/@types/node": {
      "version": "20.8.4",
      "resolved": "https://registry.npmjs.org/@types/node/-/node-20.8.4.tgz",
      "integrity": "sha512-ZVPnqU58giiCjSxjVUESDtdPk4QR5WQhhINbc9UBrKLU68MX5BF6kbQzTrkwbolyr0X8ChBpXfavr5mZFKZQ5A==",
      "dev": true,
      "dependencies": {
        "undici-types": "~5.25.1"
      }
    },
    "node_modules/astro": {
      "resolved": "../../node_modules/.pnpm/astro@3.2.4/node_modules/astro",
      "link": true
    },
    "node_modules/nanoid": {
      "resolved": "../../node_modules/.pnpm/nanoid@5.0.1/node_modules/nanoid",
      "link": true
    },
    "node_modules/undici-types": {
      "version": "5.25.3",
      "resolved": "https://registry.npmjs.org/undici-types/-/undici-types-5.25.3.tgz",
      "integrity": "sha512-Ga1jfYwRn7+cP9v8auvEXN1rX3sWqlayd4HP7OKk4mZWylEmu3KzXDUGrQUN6Ol7qo1gPvB2e5gX6udnyEPgdA==",
      "dev": true
    }
  }
}
